{
  "name": "html",
  "version": "1.0.0",
  "lockfileVersion": 3,
  "requires": true,
  "packages": {
    "": {
      "name": "html",
      "version": "1.0.0",
      "license": "ISC",
      "dependencies": {
        "@brtmvdl/frontend": "^1.0.14"
      }
    },
    "node_modules/@brtmvdl/frontend": {
      "version": "1.0.14",
      "resolved": "https://registry.npmjs.org/@brtmvdl/frontend/-/frontend-1.0.14.tgz",
      "integrity": "sha512-aTAklM7XIOTC7fpFFUzks3fbHY5ICKvw51nSiJ7M7XK1EEV4bsKO0Pec5ZSsKcZgTCcKN3K94XOiiKsDv+Absg==",
      "bin": {
        "frontend": "bin/index.js"
      },
      "funding": {
        "url": "https://link.mercadopago.com.br/brtmvdl"
      }
    }
  }
}
